github.com/0xrawsec/toast v1.2.3 h1:nTs5NyAdmSoDfxlYjMVMYb9wj3C/MFpnoIoQBPUsHXg=
github.com/0xrawsec/toast v1.2.3/go.mod h1:sRvfNYxqVoH1sZnE18s9Knm/lkbarTGNvaNVBf2/h1k=
github.com/google/uuid v1.3.0 h1:t6JiXgmwXMjEs8VusXIJk2BXHsn+wx8BZdTaoZ5fu7I=
github.com/google/uuid v1.3.0/go.mod h1:TIyPZe4MgqvfeYDBFedMoGGpEw/LqOeaOT+nhxU+yHo=
